
Microsoft Visual Studio Solution File, Format Version 12.00
# Visual Studio Version 17
VisualStudioVersion = 17.4.33213.308
MinimumVisualStudioVersion = 10.0.40219.1
Project("{FAE04EC0-301F-11D3-BF4B-00C04F79EFBC}") = "AlgorithmKMP", "AlgorithmKMP\AlgorithmKMP.csproj", "{AC7B0286-4433-48D8-97E2-1DF053E5E4C5}"
EndProject
Project("{FAE04EC0-301F-11D3-BF4B-00C04F79EFBC}") = "AlgorithmFiniteMachine", "AlgorithmFiniteMachine\AlgorithmFiniteMachine.csproj", "{47C4CB9B-744F-4CBB-8A88-A6DEBF62B316}"
EndProject
Project("{FAE04EC0-301F-11D3-BF4B-00C04F79EFBC}") = "AlgorithmRabin", "AlgorithmRabin\AlgorithmRabin.csproj", "{B3859CD5-8978-4E94-BF58-93DE4EE8D5C3}"
EndProject
Project("{FAE04EC0-301F-11D3-BF4B-00C04F79EFBC}") = "AlgorithmBoyerMoore", "AlgorithmBoyerMoore\AlgorithmBoyerMoore.csproj", "{23D7B459-684A-46BA-A142-C87B876E5320}"
EndProject
Global
	GlobalSection(SolutionConfigurationPlatforms) = preSolution
		Debug|Any CPU = Debug|Any CPU
		Release|Any CPU = Release|Any CPU
	EndGlobalSection
	GlobalSection(ProjectConfigurationPlatforms) = postSolution
		{AC7B0286-4433-48D8-97E2-1DF053E5E4C5}.Debug|Any CPU.ActiveCfg = Debug|Any CPU
		{AC7B0286-4433-48D8-97E2-1DF053E5E4C5}.Debug|Any CPU.Build.0 = Debug|Any CPU
		{AC7B0286-4433-48D8-97E2-1DF053E5E4C5}.Release|Any CPU.ActiveCfg = Release|Any CPU
		{AC7B0286-4433-48D8-97E2-1DF053E5E4C5}.Release|Any CPU.Build.0 = Release|Any CPU
		{47C4CB9B-744F-4CBB-8A88-A6DEBF62B316}.Debug|Any CPU.ActiveCfg = Debug|Any CPU
		{47C4CB9B-744F-4CBB-8A88-A6DEBF62B316}.Debug|Any CPU.Build.0 = Debug|Any CPU
		{47C4CB9B-744F-4CBB-8A88-A6DEBF62B316}.Release|Any CPU.ActiveCfg = Release|Any CPU
		{47C4CB9B-744F-4CBB-8A88-A6DEBF62B316}.Release|Any CPU.Build.0 = Release|Any CPU
		{B3859CD5-8978-4E94-BF58-93DE4EE8D5C3}.Debug|Any CPU.ActiveCfg = Debug|Any CPU
		{B3859CD5-8978-4E94-BF58-93DE4EE8D5C3}.Debug|Any CPU.Build.0 = Debug|Any CPU
		{B3859CD5-8978-4E94-BF58-93DE4EE8D5C3}.Release|Any CPU.ActiveCfg = Release|Any CPU
		{B3859CD5-8978-4E94-BF58-93DE4EE8D5C3}.Release|Any CPU.Build.0 = Release|Any CPU
		{23D7B459-684A-46BA-A142-C87B876E5320}.Debug|Any CPU.ActiveCfg = Debug|Any CPU
		{23D7B459-684A-46BA-A142-C87B876E5320}.Debug|Any CPU.Build.0 = Debug|Any CPU
		{23D7B459-684A-46BA-A142-C87B876E5320}.Release|Any CPU.ActiveCfg = Release|Any CPU
		{23D7B459-684A-46BA-A142-C87B876E5320}.Release|Any CPU.Build.0 = Release|Any CPU
	EndGlobalSection
	GlobalSection(SolutionProperties) = preSolution
		HideSolutionNode = FALSE
	EndGlobalSection
	GlobalSection(ExtensibilityGlobals) = postSolution
		SolutionGuid = {AD12A78E-6696-4157-BBD3-FB196956D40D}
	EndGlobalSection
EndGlobal
